
Microsoft Visual Studio Solution File, Format Version 12.00
# Visual Studio Version 17
VisualStudioVersion = 17.14.36616.10
MinimumVisualStudioVersion = 10.0.40219.1
Project("{FAE04EC0-301F-11D3-BF4B-00C04F79EFBC}") = "Zadania", "Zadania\Zadania.csproj", "{D418628D-8AD8-4F9F-9702-985E2A41108C}"
EndProject
Project("{FAE04EC0-301F-11D3-BF4B-00C04F79EFBC}") = "Zadanie4", "Zadanie4\Zadanie4.csproj", "{4CA87D26-6475-43CC-BB6D-DA0C3CF576FD}"
EndProject
Project("{FAE04EC0-301F-11D3-BF4B-00C04F79EFBC}") = "Zadanie2", "Zadanie2\Zadanie2.csproj", "{F8D7CB48-EA11-48B1-A57A-7A77330E5B56}"
EndProject
Project("{FAE04EC0-301F-11D3-BF4B-00C04F79EFBC}") = "Oceny", "Oceny\Oceny.csproj", "{E58423AE-C3B3-4EAD-8B16-C3816F101623}"
EndProject
Project("{FAE04EC0-301F-11D3-BF4B-00C04F79EFBC}") = "Generator", "Generator\Generator.csproj", "{E51915B3-5DB9-437C-9AA1-37CE1ADA8029}"
EndProject
Project("{FAE04EC0-301F-11D3-BF4B-00C04F79EFBC}") = "Logowanie", "Logowanie\Logowanie.csproj", "{C03DA970-1CDF-4814-9FA9-23B106C65BDF}"
EndProject
Project("{FAE04EC0-301F-11D3-BF4B-00C04F79EFBC}") = "BMI", "BMI\BMI.csproj", "{F479B9E4-4E03-4A23-9EB7-0F5F2B4702E4}"
EndProject
Global
	GlobalSection(SolutionConfigurationPlatforms) = preSolution
		Debug|Any CPU = Debug|Any CPU
		Release|Any CPU = Release|Any CPU
	EndGlobalSection
	GlobalSection(ProjectConfigurationPlatforms) = postSolution
		{D418628D-8AD8-4F9F-9702-985E2A41108C}.Debug|Any CPU.ActiveCfg = Debug|Any CPU
		{D418628D-8AD8-4F9F-9702-985E2A41108C}.Debug|Any CPU.Build.0 = Debug|Any CPU
		{D418628D-8AD8-4F9F-9702-985E2A41108C}.Release|Any CPU.ActiveCfg = Release|Any CPU
		{D418628D-8AD8-4F9F-9702-985E2A41108C}.Release|Any CPU.Build.0 = Release|Any CPU
		{4CA87D26-6475-43CC-BB6D-DA0C3CF576FD}.Debug|Any CPU.ActiveCfg = Debug|Any CPU
		{4CA87D26-6475-43CC-BB6D-DA0C3CF576FD}.Debug|Any CPU.Build.0 = Debug|Any CPU
		{4CA87D26-6475-43CC-BB6D-DA0C3CF576FD}.Release|Any CPU.ActiveCfg = Release|Any CPU
		{4CA87D26-6475-43CC-BB6D-DA0C3CF576FD}.Release|Any CPU.Build.0 = Release|Any CPU
		{F8D7CB48-EA11-48B1-A57A-7A77330E5B56}.Debug|Any CPU.ActiveCfg = Debug|Any CPU
		{F8D7CB48-EA11-48B1-A57A-7A77330E5B56}.Debug|Any CPU.Build.0 = Debug|Any CPU
		{F8D7CB48-EA11-48B1-A57A-7A77330E5B56}.Release|Any CPU.ActiveCfg = Release|Any CPU
		{F8D7CB48-EA11-48B1-A57A-7A77330E5B56}.Release|Any CPU.Build.0 = Release|Any CPU
		{E58423AE-C3B3-4EAD-8B16-C3816F101623}.Debug|Any CPU.ActiveCfg = Debug|Any CPU
		{E58423AE-C3B3-4EAD-8B16-C3816F101623}.Debug|Any CPU.Build.0 = Debug|Any CPU
		{E58423AE-C3B3-4EAD-8B16-C3816F101623}.Release|Any CPU.ActiveCfg = Release|Any CPU
		{E58423AE-C3B3-4EAD-8B16-C3816F101623}.Release|Any CPU.Build.0 = Release|Any CPU
		{E51915B3-5DB9-437C-9AA1-37CE1ADA8029}.Debug|Any CPU.ActiveCfg = Debug|Any CPU
		{E51915B3-5DB9-437C-9AA1-37CE1ADA8029}.Debug|Any CPU.Build.0 = Debug|Any CPU
		{E51915B3-5DB9-437C-9AA1-37CE1ADA8029}.Release|Any CPU.ActiveCfg = Release|Any CPU
		{E51915B3-5DB9-437C-9AA1-37CE1ADA8029}.Release|Any CPU.Build.0 = Release|Any CPU
		{C03DA970-1CDF-4814-9FA9-23B106C65BDF}.Debug|Any CPU.ActiveCfg = Debug|Any CPU
		{C03DA970-1CDF-4814-9FA9-23B106C65BDF}.Debug|Any CPU.Build.0 = Debug|Any CPU
		{C03DA970-1CDF-4814-9FA9-23B106C65BDF}.Release|Any CPU.ActiveCfg = Release|Any CPU
		{C03DA970-1CDF-4814-9FA9-23B106C65BDF}.Release|Any CPU.Build.0 = Release|Any CPU
		{F479B9E4-4E03-4A23-9EB7-0F5F2B4702E4}.Debug|Any CPU.ActiveCfg = Debug|Any CPU
		{F479B9E4-4E03-4A23-9EB7-0F5F2B4702E4}.Debug|Any CPU.Build.0 = Debug|Any CPU
		{F479B9E4-4E03-4A23-9EB7-0F5F2B4702E4}.Release|Any CPU.ActiveCfg = Release|Any CPU
		{F479B9E4-4E03-4A23-9EB7-0F5F2B4702E4}.Release|Any CPU.Build.0 = Release|Any CPU
	EndGlobalSection
	GlobalSection(SolutionProperties) = preSolution
		HideSolutionNode = FALSE
	EndGlobalSection
	GlobalSection(ExtensibilityGlobals) = postSolution
		SolutionGuid = {75C495B5-F553-4D4F-ABED-93668D36AE18}
	EndGlobalSection
EndGlobal
