
Microsoft Visual Studio Solution File, Format Version 12.00
# Visual Studio Version 17
VisualStudioVersion = 17.14.36616.10 d17.14
MinimumVisualStudioVersion = 10.0.40219.1
Project("{FAE04EC0-301F-11D3-BF4B-00C04F79EFBC}") = "Zadania", "Zadania\Zadania.csproj", "{D418628D-8AD8-4F9F-9702-985E2A41108C}"
EndProject
Project("{FAE04EC0-301F-11D3-BF4B-00C04F79EFBC}") = "Zadanie4", "Zadanie4\Zadanie4.csproj", "{4CA87D26-6475-43CC-BB6D-DA0C3CF576FD}"
EndProject
Global
	GlobalSection(SolutionConfigurationPlatforms) = preSolution
		Debug|Any CPU = Debug|Any CPU
		Release|Any CPU = Release|Any CPU
	EndGlobalSection
	GlobalSection(ProjectConfigurationPlatforms) = postSolution
		{D418628D-8AD8-4F9F-9702-985E2A41108C}.Debug|Any CPU.ActiveCfg = Debug|Any CPU
		{D418628D-8AD8-4F9F-9702-985E2A41108C}.Debug|Any CPU.Build.0 = Debug|Any CPU
		{D418628D-8AD8-4F9F-9702-985E2A41108C}.Release|Any CPU.ActiveCfg = Release|Any CPU
		{D418628D-8AD8-4F9F-9702-985E2A41108C}.Release|Any CPU.Build.0 = Release|Any CPU
		{4CA87D26-6475-43CC-BB6D-DA0C3CF576FD}.Debug|Any CPU.ActiveCfg = Debug|Any CPU
		{4CA87D26-6475-43CC-BB6D-DA0C3CF576FD}.Debug|Any CPU.Build.0 = Debug|Any CPU
		{4CA87D26-6475-43CC-BB6D-DA0C3CF576FD}.Release|Any CPU.ActiveCfg = Release|Any CPU
		{4CA87D26-6475-43CC-BB6D-DA0C3CF576FD}.Release|Any CPU.Build.0 = Release|Any CPU
	EndGlobalSection
	GlobalSection(SolutionProperties) = preSolution
		HideSolutionNode = FALSE
	EndGlobalSection
	GlobalSection(ExtensibilityGlobals) = postSolution
		SolutionGuid = {75C495B5-F553-4D4F-ABED-93668D36AE18}
	EndGlobalSection
EndGlobal
